
Microsoft Visual Studio Solution File, Format Version 12.00
# Visual Studio Version 17
VisualStudioVersion = 17.3.32819.101
MinimumVisualStudioVersion = 10.0.40219.1
Project("{FAE04EC0-301F-11D3-BF4B-00C04F79EFBC}") = "CajusolPC02.Api", "CajusolPC02.Api\CajusolPC02.Api.csproj", "{6FBF5B25-9AF7-4132-9493-D9A1AA04035E}"
EndProject
Project("{FAE04EC0-301F-11D3-BF4B-00C04F79EFBC}") = "CajusolPC02.DOMAIN", "CajusolPC02.DOMAIN\CajusolPC02.DOMAIN.csproj", "{AA6EA676-82E3-4A01-813E-00F42FB19145}"
EndProject
Global
	GlobalSection(SolutionConfigurationPlatforms) = preSolution
		Debug|Any CPU = Debug|Any CPU
		Release|Any CPU = Release|Any CPU
	EndGlobalSection
	GlobalSection(ProjectConfigurationPlatforms) = postSolution
		{6FBF5B25-9AF7-4132-9493-D9A1AA04035E}.Debug|Any CPU.ActiveCfg = Debug|Any CPU
		{6FBF5B25-9AF7-4132-9493-D9A1AA04035E}.Debug|Any CPU.Build.0 = Debug|Any CPU
		{6FBF5B25-9AF7-4132-9493-D9A1AA04035E}.Release|Any CPU.ActiveCfg = Release|Any CPU
		{6FBF5B25-9AF7-4132-9493-D9A1AA04035E}.Release|Any CPU.Build.0 = Release|Any CPU
		{AA6EA676-82E3-4A01-813E-00F42FB19145}.Debug|Any CPU.ActiveCfg = Debug|Any CPU
		{AA6EA676-82E3-4A01-813E-00F42FB19145}.Debug|Any CPU.Build.0 = Debug|Any CPU
		{AA6EA676-82E3-4A01-813E-00F42FB19145}.Release|Any CPU.ActiveCfg = Release|Any CPU
		{AA6EA676-82E3-4A01-813E-00F42FB19145}.Release|Any CPU.Build.0 = Release|Any CPU
	EndGlobalSection
	GlobalSection(SolutionProperties) = preSolution
		HideSolutionNode = FALSE
	EndGlobalSection
	GlobalSection(ExtensibilityGlobals) = postSolution
		SolutionGuid = {05B453CB-8D0B-429A-83F5-C5EB79C4F10F}
	EndGlobalSection
EndGlobal
